
Microsoft Visual Studio Solution File, Format Version 12.00
# Visual Studio 15
VisualStudioVersion = 15.0.28307.106
MinimumVisualStudioVersion = 10.0.40219.1
Project("{FAE04EC0-301F-11D3-BF4B-00C04F79EFBC}") = "Microcharts_XF.Android", "Microcharts_XF\Microcharts_XF.Android\Microcharts_XF.Android.csproj", "{A6D08090-B47F-456E-A7C6-F4AF246BA744}"
EndProject
Project("{FAE04EC0-301F-11D3-BF4B-00C04F79EFBC}") = "Microcharts_XF.iOS", "Microcharts_XF\Microcharts_XF.iOS\Microcharts_XF.iOS.csproj", "{B9317693-A123-4B36-97D5-D0B001A887D0}"
EndProject
Project("{FAE04EC0-301F-11D3-BF4B-00C04F79EFBC}") = "Microcharts_XF", "Microcharts_XF\Microcharts_XF\Microcharts_XF.csproj", "{203B72C6-C206-43EA-BC79-5DB81C850D81}"
EndProject
Global
	GlobalSection(SolutionConfigurationPlatforms) = preSolution
		Ad-Hoc|Any CPU = Ad-Hoc|Any CPU
		Ad-Hoc|iPhone = Ad-Hoc|iPhone
		Ad-Hoc|iPhoneSimulator = Ad-Hoc|iPhoneSimulator
		AppStore|Any CPU = AppStore|Any CPU
		AppStore|iPhone = AppStore|iPhone
		AppStore|iPhoneSimulator = AppStore|iPhoneSimulator
		Debug|Any CPU = Debug|Any CPU
		Debug|iPhone = Debug|iPhone
		Debug|iPhoneSimulator = Debug|iPhoneSimulator
		Release|Any CPU = Release|Any CPU
		Release|iPhone = Release|iPhone
		Release|iPhoneSimulator = Release|iPhoneSimulator
	EndGlobalSection
	GlobalSection(ProjectConfigurationPlatforms) = postSolution
		{A6D08090-B47F-456E-A7C6-F4AF246BA744}.Ad-Hoc|Any CPU.ActiveCfg = Release|Any CPU
		{A6D08090-B47F-456E-A7C6-F4AF246BA744}.Ad-Hoc|Any CPU.Build.0 = Release|Any CPU
		{A6D08090-B47F-456E-A7C6-F4AF246BA744}.Ad-Hoc|Any CPU.Deploy.0 = Release|Any CPU
		{A6D08090-B47F-456E-A7C6-F4AF246BA744}.Ad-Hoc|iPhone.ActiveCfg = Release|Any CPU
		{A6D08090-B47F-456E-A7C6-F4AF246BA744}.Ad-Hoc|iPhone.Build.0 = Release|Any CPU
		{A6D08090-B47F-456E-A7C6-F4AF246BA744}.Ad-Hoc|iPhone.Deploy.0 = Release|Any CPU
		{A6D08090-B47F-456E-A7C6-F4AF246BA744}.Ad-Hoc|iPhoneSimulator.ActiveCfg = Release|Any CPU
		{A6D08090-B47F-456E-A7C6-F4AF246BA744}.Ad-Hoc|iPhoneSimulator.Build.0 = Release|Any CPU
		{A6D08090-B47F-456E-A7C6-F4AF246BA744}.Ad-Hoc|iPhoneSimulator.Deploy.0 = Release|Any CPU
		{A6D08090-B47F-456E-A7C6-F4AF246BA744}.AppStore|Any CPU.ActiveCfg = Release|Any CPU
		{A6D08090-B47F-456E-A7C6-F4AF246BA744}.AppStore|Any CPU.Build.0 = Release|Any CPU
		{A6D08090-B47F-456E-A7C6-F4AF246BA744}.AppStore|Any CPU.Deploy.0 = Release|Any CPU
		{A6D08090-B47F-456E-A7C6-F4AF246BA744}.AppStore|iPhone.ActiveCfg = Release|Any CPU
		{A6D08090-B47F-456E-A7C6-F4AF246BA744}.AppStore|iPhone.Build.0 = Release|Any CPU
		{A6D08090-B47F-456E-A7C6-F4AF246BA744}.AppStore|iPhone.Deploy.0 = Release|Any CPU
		{A6D08090-B47F-456E-A7C6-F4AF246BA744}.AppStore|iPhoneSimulator.ActiveCfg = Release|Any CPU
		{A6D08090-B47F-456E-A7C6-F4AF246BA744}.AppStore|iPhoneSimulator.Build.0 = Release|Any CPU
		{A6D08090-B47F-456E-A7C6-F4AF246BA744}.AppStore|iPhoneSimulator.Deploy.0 = Release|Any CPU
		{A6D08090-B47F-456E-A7C6-F4AF246BA744}.Debug|Any CPU.ActiveCfg = Debug|Any CPU
		{A6D08090-B47F-456E-A7C6-F4AF246BA744}.Debug|Any CPU.Build.0 = Debug|Any CPU
		{A6D08090-B47F-456E-A7C6-F4AF246BA744}.Debug|Any CPU.Deploy.0 = Debug|Any CPU
		{A6D08090-B47F-456E-A7C6-F4AF246BA744}.Debug|iPhone.ActiveCfg = Debug|Any CPU
		{A6D08090-B47F-456E-A7C6-F4AF246BA744}.Debug|iPhone.Build.0 = Debug|Any CPU
		{A6D08090-B47F-456E-A7C6-F4AF246BA744}.Debug|iPhone.Deploy.0 = Debug|Any CPU
		{A6D08090-B47F-456E-A7C6-F4AF246BA744}.Debug|iPhoneSimulator.ActiveCfg = Debug|Any CPU
		{A6D08090-B47F-456E-A7C6-F4AF246BA744}.Debug|iPhoneSimulator.Build.0 = Debug|Any CPU
		{A6D08090-B47F-456E-A7C6-F4AF246BA744}.Debug|iPhoneSimulator.Deploy.0 = Debug|Any CPU
		{A6D08090-B47F-456E-A7C6-F4AF246BA744}.Release|Any CPU.ActiveCfg = Release|Any CPU
		{A6D08090-B47F-456E-A7C6-F4AF246BA744}.Release|Any CPU.Build.0 = Release|Any CPU
		{A6D08090-B47F-456E-A7C6-F4AF246BA744}.Release|Any CPU.Deploy.0 = Release|Any CPU
		{A6D08090-B47F-456E-A7C6-F4AF246BA744}.Release|iPhone.ActiveCfg = Release|Any CPU
		{A6D08090-B47F-456E-A7C6-F4AF246BA744}.Release|iPhone.Build.0 = Release|Any CPU
		{A6D08090-B47F-456E-A7C6-F4AF246BA744}.Release|iPhone.Deploy.0 = Release|Any CPU
		{A6D08090-B47F-456E-A7C6-F4AF246BA744}.Release|iPhoneSimulator.ActiveCfg = Release|Any CPU
		{A6D08090-B47F-456E-A7C6-F4AF246BA744}.Release|iPhoneSimulator.Build.0 = Release|Any CPU
		{A6D08090-B47F-456E-A7C6-F4AF246BA744}.Release|iPhoneSimulator.Deploy.0 = Release|Any CPU
		{B9317693-A123-4B36-97D5-D0B001A887D0}.Ad-Hoc|Any CPU.ActiveCfg = Ad-Hoc|iPhone
		{B9317693-A123-4B36-97D5-D0B001A887D0}.Ad-Hoc|Any CPU.Build.0 = Ad-Hoc|iPhone
		{B9317693-A123-4B36-97D5-D0B001A887D0}.Ad-Hoc|Any CPU.Deploy.0 = Ad-Hoc|iPhone
		{B9317693-A123-4B36-97D5-D0B001A887D0}.Ad-Hoc|iPhone.ActiveCfg = Ad-Hoc|iPhone
		{B9317693-A123-4B36-97D5-D0B001A887D0}.Ad-Hoc|iPhone.Build.0 = Ad-Hoc|iPhone
		{B9317693-A123-4B36-97D5-D0B001A887D0}.Ad-Hoc|iPhone.Deploy.0 = Ad-Hoc|iPhone
		{B9317693-A123-4B36-97D5-D0B001A887D0}.Ad-Hoc|iPhoneSimulator.ActiveCfg = Ad-Hoc|iPhoneSimulator
		{B9317693-A123-4B36-97D5-D0B001A887D0}.Ad-Hoc|iPhoneSimulator.Build.0 = Ad-Hoc|iPhoneSimulator
		{B9317693-A123-4B36-97D5-D0B001A887D0}.Ad-Hoc|iPhoneSimulator.Deploy.0 = Ad-Hoc|iPhoneSimulator
		{B9317693-A123-4B36-97D5-D0B001A887D0}.AppStore|Any CPU.ActiveCfg = AppStore|iPhone
		{B9317693-A123-4B36-97D5-D0B001A887D0}.AppStore|Any CPU.Build.0 = AppStore|iPhone
		{B9317693-A123-4B36-97D5-D0B001A887D0}.AppStore|Any CPU.Deploy.0 = AppStore|iPhone
		{B9317693-A123-4B36-97D5-D0B001A887D0}.AppStore|iPhone.ActiveCfg = AppStore|iPhone
		{B9317693-A123-4B36-97D5-D0B001A887D0}.AppStore|iPhone.Build.0 = AppStore|iPhone
		{B9317693-A123-4B36-97D5-D0B001A887D0}.AppStore|iPhone.Deploy.0 = AppStore|iPhone
		{B9317693-A123-4B36-97D5-D0B001A887D0}.AppStore|iPhoneSimulator.ActiveCfg = AppStore|iPhoneSimulator
		{B9317693-A123-4B36-97D5-D0B001A887D0}.AppStore|iPhoneSimulator.Build.0 = AppStore|iPhoneSimulator
		{B9317693-A123-4B36-97D5-D0B001A887D0}.AppStore|iPhoneSimulator.Deploy.0 = AppStore|iPhoneSimulator
		{B9317693-A123-4B36-97D5-D0B001A887D0}.Debug|Any CPU.ActiveCfg = Debug|iPhoneSimulator
		{B9317693-A123-4B36-97D5-D0B001A887D0}.Debug|Any CPU.Build.0 = Debug|iPhoneSimulator
		{B9317693-A123-4B36-97D5-D0B001A887D0}.Debug|Any CPU.Deploy.0 = Debug|iPhoneSimulator
		{B9317693-A123-4B36-97D5-D0B001A887D0}.Debug|iPhone.ActiveCfg = Debug|iPhone
		{B9317693-A123-4B36-97D5-D0B001A887D0}.Debug|iPhone.Build.0 = Debug|iPhone
		{B9317693-A123-4B36-97D5-D0B001A887D0}.Debug|iPhone.Deploy.0 = Debug|iPhone
		{B9317693-A123-4B36-97D5-D0B001A887D0}.Debug|iPhoneSimulator.ActiveCfg = Debug|iPhoneSimulator
		{B9317693-A123-4B36-97D5-D0B001A887D0}.Debug|iPhoneSimulator.Build.0 = Debug|iPhoneSimulator
		{B9317693-A123-4B36-97D5-D0B001A887D0}.Debug|iPhoneSimulator.Deploy.0 = Debug|iPhoneSimulator
		{B9317693-A123-4B36-97D5-D0B001A887D0}.Release|Any CPU.ActiveCfg = Release|iPhone
		{B9317693-A123-4B36-97D5-D0B001A887D0}.Release|Any CPU.Build.0 = Release|iPhone
		{B9317693-A123-4B36-97D5-D0B001A887D0}.Release|Any CPU.Deploy.0 = Release|iPhone
		{B9317693-A123-4B36-97D5-D0B001A887D0}.Release|iPhone.ActiveCfg = Release|iPhone
		{B9317693-A123-4B36-97D5-D0B001A887D0}.Release|iPhone.Build.0 = Release|iPhone
		{B9317693-A123-4B36-97D5-D0B001A887D0}.Release|iPhone.Deploy.0 = Release|iPhone
		{B9317693-A123-4B36-97D5-D0B001A887D0}.Release|iPhoneSimulator.ActiveCfg = Release|iPhoneSimulator
		{B9317693-A123-4B36-97D5-D0B001A887D0}.Release|iPhoneSimulator.Build.0 = Release|iPhoneSimulator
		{B9317693-A123-4B36-97D5-D0B001A887D0}.Release|iPhoneSimulator.Deploy.0 = Release|iPhoneSimulator
		{203B72C6-C206-43EA-BC79-5DB81C850D81}.Ad-Hoc|Any CPU.ActiveCfg = Debug|Any CPU
		{203B72C6-C206-43EA-BC79-5DB81C850D81}.Ad-Hoc|Any CPU.Build.0 = Debug|Any CPU
		{203B72C6-C206-43EA-BC79-5DB81C850D81}.Ad-Hoc|Any CPU.Deploy.0 = Debug|Any CPU
		{203B72C6-C206-43EA-BC79-5DB81C850D81}.Ad-Hoc|iPhone.ActiveCfg = Debug|Any CPU
		{203B72C6-C206-43EA-BC79-5DB81C850D81}.Ad-Hoc|iPhone.Build.0 = Debug|Any CPU
		{203B72C6-C206-43EA-BC79-5DB81C850D81}.Ad-Hoc|iPhone.Deploy.0 = Debug|Any CPU
		{203B72C6-C206-43EA-BC79-5DB81C850D81}.Ad-Hoc|iPhoneSimulator.ActiveCfg = Debug|Any CPU
		{203B72C6-C206-43EA-BC79-5DB81C850D81}.Ad-Hoc|iPhoneSimulator.Build.0 = Debug|Any CPU
		{203B72C6-C206-43EA-BC79-5DB81C850D81}.Ad-Hoc|iPhoneSimulator.Deploy.0 = Debug|Any CPU
		{203B72C6-C206-43EA-BC79-5DB81C850D81}.AppStore|Any CPU.ActiveCfg = Debug|Any CPU
		{203B72C6-C206-43EA-BC79-5DB81C850D81}.AppStore|Any CPU.Build.0 = Debug|Any CPU
		{203B72C6-C206-43EA-BC79-5DB81C850D81}.AppStore|Any CPU.Deploy.0 = Debug|Any CPU
		{203B72C6-C206-43EA-BC79-5DB81C850D81}.AppStore|iPhone.ActiveCfg = Debug|Any CPU
		{203B72C6-C206-43EA-BC79-5DB81C850D81}.AppStore|iPhone.Build.0 = Debug|Any CPU
		{203B72C6-C206-43EA-BC79-5DB81C850D81}.AppStore|iPhone.Deploy.0 = Debug|Any CPU
		{203B72C6-C206-43EA-BC79-5DB81C850D81}.AppStore|iPhoneSimulator.ActiveCfg = Debug|Any CPU
		{203B72C6-C206-43EA-BC79-5DB81C850D81}.AppStore|iPhoneSimulator.Build.0 = Debug|Any CPU
		{203B72C6-C206-43EA-BC79-5DB81C850D81}.AppStore|iPhoneSimulator.Deploy.0 = Debug|Any CPU
		{203B72C6-C206-43EA-BC79-5DB81C850D81}.Debug|Any CPU.ActiveCfg = Debug|Any CPU
		{203B72C6-C206-43EA-BC79-5DB81C850D81}.Debug|Any CPU.Build.0 = Debug|Any CPU
		{203B72C6-C206-43EA-BC79-5DB81C850D81}.Debug|Any CPU.Deploy.0 = Debug|Any CPU
		{203B72C6-C206-43EA-BC79-5DB81C850D81}.Debug|iPhone.ActiveCfg = Debug|Any CPU
		{203B72C6-C206-43EA-BC79-5DB81C850D81}.Debug|iPhone.Build.0 = Debug|Any CPU
		{203B72C6-C206-43EA-BC79-5DB81C850D81}.Debug|iPhone.Deploy.0 = Debug|Any CPU
		{203B72C6-C206-43EA-BC79-5DB81C850D81}.Debug|iPhoneSimulator.ActiveCfg = Debug|Any CPU
		{203B72C6-C206-43EA-BC79-5DB81C850D81}.Debug|iPhoneSimulator.Build.0 = Debug|Any CPU
		{203B72C6-C206-43EA-BC79-5DB81C850D81}.Debug|iPhoneSimulator.Deploy.0 = Debug|Any CPU
		{203B72C6-C206-43EA-BC79-5DB81C850D81}.Release|Any CPU.ActiveCfg = Release|Any CPU
		{203B72C6-C206-43EA-BC79-5DB81C850D81}.Release|Any CPU.Build.0 = Release|Any CPU
		{203B72C6-C206-43EA-BC79-5DB81C850D81}.Release|Any CPU.Deploy.0 = Release|Any CPU
		{203B72C6-C206-43EA-BC79-5DB81C850D81}.Release|iPhone.ActiveCfg = Release|Any CPU
		{203B72C6-C206-43EA-BC79-5DB81C850D81}.Release|iPhone.Build.0 = Release|Any CPU
		{203B72C6-C206-43EA-BC79-5DB81C850D81}.Release|iPhone.Deploy.0 = Release|Any CPU
		{203B72C6-C206-43EA-BC79-5DB81C850D81}.Release|iPhoneSimulator.ActiveCfg = Release|Any CPU
		{203B72C6-C206-43EA-BC79-5DB81C850D81}.Release|iPhoneSimulator.Build.0 = Release|Any CPU
		{203B72C6-C206-43EA-BC79-5DB81C850D81}.Release|iPhoneSimulator.Deploy.0 = Release|Any CPU
	EndGlobalSection
	GlobalSection(SolutionProperties) = preSolution
		HideSolutionNode = FALSE
	EndGlobalSection
	GlobalSection(ExtensibilityGlobals) = postSolution
		SolutionGuid = {1F8997CF-1AC4-440B-8905-37E420A2C5BB}
	EndGlobalSection
EndGlobal
